{
  "name": "@audio/vocals",
  "version": "1.0.3",
  "lockfileVersion": 3,
  "requires": true,
  "packages": {
    "": {
      "name": "@audio/vocals",
      "version": "1.0.3",
      "license": "MIT",
      "dependencies": {
        "@audio/spatial-midside": "^1.0.0"
      },
      "devDependencies": {
        "tst": "^9.4.0"
      },
      "engines": {
        "node": ">=18"
      }
    },
    "node_modules/@audio/spatial-midside": {
      "version": "1.1.2",
      "resolved": "https://registry.npmjs.org/@audio/spatial-midside/-/spatial-midside-1.1.2.tgz",
      "integrity": "sha512-e0+z8hNQX3WMs0+x+WOSh0bN3OLWTFV9ac574cdZnw1KbM57u+JB99WBkxnHitWSNzZe+2ttylGC8ff6p3R6+A==",
      "license": "MIT",
      "engines": {
        "node": ">=18"
      }
    },
    "node_modules/tst": {
      "version": "9.4.0",
      "resolved": "https://registry.npmjs.org/tst/-/tst-9.4.0.tgz",
      "integrity": "sha512-LFC1yasMqhvL9hBJdA07nozlfS1RGy/7uiBCwRZcQH9zB4+n7XpxwYszzK//WQ2JVOLAUgU3d8ABEcrFLZE0vg==",
      "dev": true,
      "license": "MIT"
    }
  }
}
