{
  "name": "@audio/vocals",
  "version": "1.0.0",
  "lockfileVersion": 3,
  "requires": true,
  "packages": {
    "": {
      "name": "@audio/vocals",
      "version": "1.0.0",
      "license": "MIT",
      "dependencies": {
        "@audio/spatial-midside": "file:../spatial/packages/spatial-midside"
      },
      "devDependencies": {
        "tst": "^9.4.0"
      },
      "engines": {
        "node": ">=18"
      }
    },
    "../spatial/packages/spatial-midside": {
      "name": "@audio/spatial-midside",
      "version": "1.0.0",
      "license": "MIT",
      "engines": {
        "node": ">=18"
      }
    },
    "node_modules/@audio/spatial-midside": {
      "resolved": "../spatial/packages/spatial-midside",
      "link": true
    },
    "node_modules/tst": {
      "version": "9.4.0",
      "resolved": "https://registry.npmjs.org/tst/-/tst-9.4.0.tgz",
      "integrity": "sha512-LFC1yasMqhvL9hBJdA07nozlfS1RGy/7uiBCwRZcQH9zB4+n7XpxwYszzK//WQ2JVOLAUgU3d8ABEcrFLZE0vg==",
      "dev": true,
      "license": "MIT"
    }
  }
}
